version = 1
revision = 3
requires-python = ">=3.9, <4"

[[package]]
name = "aws-credentials-manager"
version = "0.1.0"
source = { editable = "." }
dependencies = [
    { name = "click" },
]

[package.dev-dependencies]
dev = [
    { name = "pre-commit" },
]

[package.metadata]
requires-dist = [{ name = "click", specifier = "==8.1.3" }]

[package.metadata.requires-dev]
dev = [{ name = "pre-commit", specifier = "==3.1.1" }]

[[package]]
name = "cfgv"
version = "3.3.1"
source = { registry = "https://pypi.org/simple" }
sdist = { url = "https://files.pythonhosted.org/packages/c4/bf/d0d622b660d414a47dc7f0d303791a627663f554345b21250e39e7acb48b/cfgv-3.3.1.tar.gz", hash = "sha256:f5a830efb9ce7a445376bb66ec94c638a9787422f96264c98edc6bdeed8ab736", size = 7864, upload-time = "2021-08-25T14:18:49.905Z" }
wheels = [
    { url = "https://files.pythonhosted.org/packages/6d/82/0a0ebd35bae9981dea55c06f8e6aaf44a49171ad798795c72c6f64cba4c2/cfgv-3.3.1-py2.py3-none-any.whl", hash = "sha256:c6a0883f3917a037485059700b9e75da2464e6c27051014ad85ba6aaa5884426", size = 7312, upload-time = "2021-08-25T14:18:47.77Z" },
]

[[package]]
name = "click"
version = "8.1.3"
source = { registry = "https://pypi.org/simple" }
dependencies = [
    { name = "colorama", marker = "sys_platform == 'win32'" },
]
sdist = { url = "https://files.pythonhosted.org/packages/59/87/84326af34517fca8c58418d148f2403df25303e02736832403587318e9e8/click-8.1.3.tar.gz", hash = "sha256:7682dc8afb30297001674575ea00d1814d808d6a36af415a82bd481d37ba7b8e", size = 331147, upload-time = "2022-04-28T17:36:09.097Z" }
wheels = [
    { url = "https://files.pythonhosted.org/packages/c2/f1/df59e28c642d583f7dacffb1e0965d0e00b218e0186d7858ac5233dce840/click-8.1.3-py3-none-any.whl", hash = "sha256:bb4d8133cb15a609f44e8213d9b391b0809795062913b383c62be0ee95b1db48", size = 96588, upload-time = "2022-04-28T17:36:06.952Z" },
]

[[package]]
name = "colorama"
version = "0.4.6"
source = { registry = "https://pypi.org/simple" }
sdist = { url = "https://files.pythonhosted.org/packages/d8/53/6f443c9a4a8358a93a6792e2acffb9d9d5cb0a5cfd8802644b7b1c9a02e4/colorama-0.4.6.tar.gz", hash = "sha256:08695f5cb7ed6e0531a20572697297273c47b8cae5a63ffc6d6ed5c201be6e44", size = 27697, upload-time = "2022-10-25T02:36:22.414Z" }
wheels = [
    { url = "https://files.pythonhosted.org/packages/d1/d6/3965ed04c63042e047cb6a3e6ed1a63a35087b6a609aa3a15ed8ac56c221/colorama-0.4.6-py2.py3-none-any.whl", hash = "sha256:4f1d9991f5acc0ca119f9d443620b77f9d6b33703e51011c16baf57afb285fc6", size = 25335, upload-time = "2022-10-25T02:36:20.889Z" },
]

[[package]]
name = "distlib"
version = "0.3.6"
source = { registry = "https://pypi.org/simple" }
sdist = { url = "https://files.pythonhosted.org/packages/58/07/815476ae605bcc5f95c87a62b95e74a1bce0878bc7a3119bc2bf4178f175/distlib-0.3.6.tar.gz", hash = "sha256:14bad2d9b04d3a36127ac97f30b12a19268f211063d8f8ee4f47108896e11b46", size = 607879, upload-time = "2022-08-26T10:01:09.065Z" }
wheels = [
    { url = "https://files.pythonhosted.org/packages/76/cb/6bbd2b10170ed991cf64e8c8b85e01f2fb38f95d1bc77617569e0b0b26ac/distlib-0.3.6-py2.py3-none-any.whl", hash = "sha256:f35c4b692542ca110de7ef0bea44d73981caeb34ca0b9b6b2e6d7790dda8f80e", size = 468535, upload-time = "2022-08-26T10:01:06.957Z" },
]

[[package]]
name = "filelock"
version = "3.9.0"
source = { registry = "https://pypi.org/simple" }
sdist = { url = "https://files.pythonhosted.org/packages/0b/dc/eac02350f06c6ed78a655ceb04047df01b02c6b7ea3fc02d4df24ca87d24/filelock-3.9.0.tar.gz", hash = "sha256:7b319f24340b51f55a2bf7a12ac0755a9b03e718311dac567a0f4f7fabd2f5de", size = 9709, upload-time = "2022-12-28T16:32:56.851Z" }
wheels = [
    { url = "https://files.pythonhosted.org/packages/14/4c/b201d0292ca4e0950f0741212935eac9996f69cd66b92a3587e594999163/filelock-3.9.0-py3-none-any.whl", hash = "sha256:f58d535af89bb9ad5cd4df046f741f8553a418c01a7856bf0d173bbc9f6bd16d", size = 9729, upload-time = "2022-12-28T16:32:55.798Z" },
]

[[package]]
name = "identify"
version = "2.5.19"
source = { registry = "https://pypi.org/simple" }
sdist = { url = "https://files.pythonhosted.org/packages/2d/39/743c442eecc9405d98f90a3b4308740b5c09765052e526392c307e6054a3/identify-2.5.19.tar.gz", hash = "sha256:4102ecd051f6884449e7359e55b38ba6cd7aafb6ef27b8e2b38495a5723ea106", size = 98844, upload-time = "2023-03-08T15:27:57.788Z" }
wheels = [
    { url = "https://files.pythonhosted.org/packages/d8/73/178cf0e6bde11138b4f75b1feefcecb6a007e635560723c13faa1bff65d7/identify-2.5.19-py2.py3-none-any.whl", hash = "sha256:3ee3533e7f6f5023157fbebbd5687bb4b698ce6f305259e0d24b2d7d9efb72bc", size = 98776, upload-time = "2023-03-08T15:27:55.879Z" },
]

[[package]]
name = "nodeenv"
version = "1.7.0"
source = { registry = "https://pypi.org/simple" }
dependencies = [
    { name = "setuptools" },
]
sdist = { url = "https://files.pythonhosted.org/packages/f3/9d/a28ecbd1721cd6c0ea65da6bfb2771d31c5d7e32d916a8f643b062530af3/nodeenv-1.7.0.tar.gz", hash = "sha256:e0e7f7dfb85fc5394c6fe1e8fa98131a2473e04311a45afb6508f7cf1836fa2b", size = 36354, upload-time = "2022-06-25T15:38:20.344Z" }
wheels = [
    { url = "https://files.pythonhosted.org/packages/96/a8/d3b5baead78adadacb99e7281b3e842126da825cf53df61688cfc8b8ff91/nodeenv-1.7.0-py2.py3-none-any.whl", hash = "sha256:27083a7b96a25f2f5e1d8cb4b6317ee8aeda3bdd121394e5ac54e498028a042e", size = 21875, upload-time = "2022-06-25T15:38:17.819Z" },
]

[[package]]
name = "platformdirs"
version = "3.1.1"
source = { registry = "https://pypi.org/simple" }
sdist = { url = "https://files.pythonhosted.org/packages/79/c4/f98a05535344f79699bbd494e56ac9efc986b7a253fe9f4dba7414a7f505/platformdirs-3.1.1.tar.gz", hash = "sha256:024996549ee88ec1a9aa99ff7f8fc819bb59e2c3477b410d90a16d32d6e707aa", size = 14712, upload-time = "2023-03-10T15:24:23.331Z" }
wheels = [
    { url = "https://files.pythonhosted.org/packages/7b/e1/593f693096c50411a2bf9571f66bc3be9d0f79a4a50e95aab581458b0e3c/platformdirs-3.1.1-py3-none-any.whl", hash = "sha256:e5986afb596e4bb5bde29a79ac9061aa955b94fca2399b7aaac4090860920dd8", size = 14542, upload-time = "2023-03-10T15:24:21.543Z" },
]

[[package]]
name = "pre-commit"
version = "3.1.1"
source = { registry = "https://pypi.org/simple" }
dependencies = [
    { name = "cfgv" },
    { name = "identify" },
    { name = "nodeenv" },
    { name = "pyyaml" },
    { name = "virtualenv" },
]
sdist = { url = "https://files.pythonhosted.org/packages/ea/2b/8999b0cfde3c72f153c489e93a6a5e8621a7e57f33f6fa78942bb771d79e/pre_commit-3.1.1.tar.gz", hash = "sha256:d63e6537f9252d99f65755ae5b79c989b462d511ebbc481b561db6a297e1e865", size = 176378, upload-time = "2023-02-28T02:07:59.13Z" }
wheels = [
    { url = "https://files.pythonhosted.org/packages/ca/4d/486be418d7e8bc8be1ad3719f5bd8cc17b1429f5dbbc9210f562aef51798/pre_commit-3.1.1-py2.py3-none-any.whl", hash = "sha256:b80254e60668e1dd1f5c03a1c9e0413941d61f568a57d745add265945f65bfe8", size = 202268, upload-time = "2023-02-28T02:07:57.688Z" },
]

[[package]]
name = "pyyaml"
version = "6.0"
source = { registry = "https://pypi.org/simple" }
sdist = { url = "https://files.pythonhosted.org/packages/36/2b/61d51a2c4f25ef062ae3f74576b01638bebad5e045f747ff12643df63844/PyYAML-6.0.tar.gz", hash = "sha256:68fb519c14306fec9720a2a5b45bc9f0c8d1b9c72adf45c37baedfcd949c35a2", size = 124996, upload-time = "2021-10-13T19:40:57.802Z" }
wheels = [
    { url = "https://files.pythonhosted.org/packages/44/e5/4fea13230bcebf24b28c0efd774a2dd65a0937a2d39e94a4503438b078ed/PyYAML-6.0-cp310-cp310-macosx_10_9_x86_64.whl", hash = "sha256:d4db7c7aef085872ef65a8fd7d6d09a14ae91f691dec3e87ee5ee0539d516f53", size = 197589, upload-time = "2021-10-13T19:39:42.916Z" },
    { url = "https://files.pythonhosted.org/packages/91/49/d46d7b15cddfa98533e89f3832f391aedf7e31f37b4d4df3a7a7855a7073/PyYAML-6.0-cp310-cp310-macosx_11_0_arm64.whl", hash = "sha256:9df7ed3b3d2e0ecfe09e14741b857df43adb5a3ddadc919a2d94fbdf78fea53c", size = 173975, upload-time = "2021-10-13T19:39:45.895Z" },
    { url = "https://files.pythonhosted.org/packages/5e/f4/7b4bb01873be78fc9fde307f38f62e380b7111862c165372cf094ca2b093/PyYAML-6.0-cp310-cp310-manylinux_2_17_aarch64.manylinux2014_aarch64.whl", hash = "sha256:77f396e6ef4c73fdc33a9157446466f1cff553d979bd00ecb64385760c6babdc", size = 733711, upload-time = "2021-10-13T19:39:47.617Z" },
    { url = "https://files.pythonhosted.org/packages/ef/ad/b443cce94539e57e1a745a845f95c100ad7b97593d7e104051e43f730ecd/PyYAML-6.0-cp310-cp310-manylinux_2_17_s390x.manylinux2014_s390x.whl", hash = "sha256:a80a78046a72361de73f8f395f1f1e49f956c6be882eed58505a15f3e430962b", size = 757857, upload-time = "2021-10-13T19:39:49.944Z" },
    { url = "https://files.pythonhosted.org/packages/02/25/6ba9f6bb50a3d4fbe22c1a02554dc670682a07c8701d1716d19ddea2c940/PyYAML-6.0-cp310-cp310-manylinux_2_5_x86_64.manylinux1_x86_64.manylinux_2_12_x86_64.manylinux2010_x86_64.whl", hash = "sha256:f84fbc98b019fef2ee9a1cb3ce93e3187a6df0b2538a651bfb890254ba9f90b5", size = 682157, upload-time = "2021-10-13T19:39:51.596Z" },
    { url = "https://files.pythonhosted.org/packages/0f/93/5f81d1925ce3b531f5ff215376445ec220887cd1c9a8bde23759554dbdfd/PyYAML-6.0-cp310-cp310-win32.whl", hash = "sha256:2cd5df3de48857ed0544b34e2d40e9fac445930039f3cfe4bcc592a1f836d513", size = 138123, upload-time = "2021-10-13T19:39:53.54Z" },
    { url = "https://files.pythonhosted.org/packages/b7/09/2f6f4851bbca08642fef087bade095edc3c47f28d1e7bff6b20de5262a77/PyYAML-6.0-cp310-cp310-win_amd64.whl", hash = "sha256:daf496c58a8c52083df09b80c860005194014c3698698d1a57cbcfa182142a3a", size = 151651, upload-time = "2021-10-13T19:39:55.964Z" },
    { url = "https://files.pythonhosted.org/packages/f8/54/799b059314b13e1063473f76e908f44106014d18f54b16c83a16edccd5ec/PyYAML-6.0-cp311-cp311-macosx_10_9_x86_64.whl", hash = "sha256:d4b0ba9512519522b118090257be113b9468d804b19d63c71dbcf4a48fa32358", size = 188559, upload-time = "2022-09-13T22:11:53.663Z" },
    { url = "https://files.pythonhosted.org/packages/cb/5f/05dd91f5046e2256e35d885f3b8f0f280148568f08e1bf20421887523e9a/PyYAML-6.0-cp311-cp311-macosx_11_0_arm64.whl", hash = "sha256:81957921f441d50af23654aa6c5e5eaf9b06aba7f0a19c18a538dc7ef291c5a1", size = 167479, upload-time = "2022-09-13T22:11:55.996Z" },
    { url = "https://files.pythonhosted.org/packages/7f/d9/6a0d14ac8d3b5605dc925d177c1d21ee9f0b7b39287799db1e50d197b2f4/PyYAML-6.0-cp311-cp311-manylinux_2_17_aarch64.manylinux2014_aarch64.whl", hash = "sha256:afa17f5bc4d1b10afd4466fd3a44dc0e245382deca5b3c353d8b757f9e3ecb8d", size = 732352, upload-time = "2022-09-13T22:11:58.503Z" },
    { url = "https://files.pythonhosted.org/packages/68/3f/c027422e49433239267c62323fbc6320d6ac8d7d50cf0cb2a376260dad5f/PyYAML-6.0-cp311-cp311-manylinux_2_17_s390x.manylinux2014_s390x.whl", hash = "sha256:dbad0e9d368bb989f4515da330b88a057617d16b6a8245084f1b05400f24609f", size = 753020, upload-time = "2022-09-13T22:12:01.224Z" },
    { url = "https://files.pythonhosted.org/packages/56/8f/e8b49ad21d26111493dc2d5cae4d7efbd0e2e065440665f5023515f87f64/PyYAML-6.0-cp311-cp311-manylinux_2_17_x86_64.manylinux2014_x86_64.whl", hash = "sha256:432557aa2c09802be39460360ddffd48156e30721f5e8d917f01d31694216782", size = 757901, upload-time = "2022-09-13T22:12:03.607Z" },
    { url = "https://files.pythonhosted.org/packages/fc/48/531ecd926fe0a374346dd811bf1eda59a95583595bb80eadad511f3269b8/PyYAML-6.0-cp311-cp311-win32.whl", hash = "sha256:bfaef573a63ba8923503d27530362590ff4f576c626d86a9fed95822a8255fd7", size = 129269, upload-time = "2022-09-13T22:12:06.279Z" },
    { url = "https://files.pythonhosted.org/packages/59/00/30e33fcd2a4562cd40c49c7740881009240c5cbbc0e41ca79ca4bba7c24b/PyYAML-6.0-cp311-cp311-win_amd64.whl", hash = "sha256:01b45c0191e6d66c470b6cf1b9531a771a83c1c4208272ead47a3ae4f2f603bf", size = 143181, upload-time = "2022-09-13T22:12:08.72Z" },
    { url = "https://files.pythonhosted.org/packages/f5/6f/b8b4515346af7c33d3b07cd8ca8ea0700ca72e8d7a750b2b87ac0268ca4e/PyYAML-6.0-cp39-cp39-macosx_10_9_x86_64.whl", hash = "sha256:055d937d65826939cb044fc8c9b08889e8c743fdc6a32b33e2390f66013e449b", size = 197582, upload-time = "2021-10-13T19:40:37.452Z" },
    { url = "https://files.pythonhosted.org/packages/67/d4/b95266228a25ef5bd70984c08b4efce2c035a4baa5ccafa827b266e3dc36/PyYAML-6.0-cp39-cp39-macosx_11_0_arm64.whl", hash = "sha256:e61ceaab6f49fb8bdfaa0f92c4b57bcfbea54c09277b1b4f7ac376bfb7a7c174", size = 173963, upload-time = "2021-10-13T19:40:39.892Z" },
    { url = "https://files.pythonhosted.org/packages/21/67/b42191239c5650c9e419c4a08a7a022bbf1abf55b0391c380a72c3af5462/PyYAML-6.0-cp39-cp39-manylinux_2_17_aarch64.manylinux2014_aarch64.whl", hash = "sha256:d67d839ede4ed1b28a4e8909735fc992a923cdb84e618544973d7dfc71540803", size = 731095, upload-time = "2021-10-13T19:40:42.002Z" },
    { url = "https://files.pythonhosted.org/packages/77/da/e845437ffe0dffae4e7562faf23a4f264d886431c5d2a2816c853288dc8e/PyYAML-6.0-cp39-cp39-manylinux_2_17_s390x.manylinux2014_s390x.whl", hash = "sha256:cba8c411ef271aa037d7357a2bc8f9ee8b58b9965831d9e51baf703280dc73d3", size = 755924, upload-time = "2021-10-13T19:40:45.386Z" },
    { url = "https://files.pythonhosted.org/packages/12/fc/a4d5a7554e0067677823f7265cb3ae22aed8a238560b5133b58cda252dad/PyYAML-6.0-cp39-cp39-manylinux_2_5_x86_64.manylinux1_x86_64.manylinux_2_12_x86_64.manylinux2010_x86_64.whl", hash = "sha256:40527857252b61eacd1d9af500c3337ba8deb8fc298940291486c465c8b46ec0", size = 661819, upload-time = "2021-10-13T19:40:48.119Z" },
    { url = "https://files.pythonhosted.org/packages/2e/b3/13dfd4eeb5e4b2d686b6d1822b40702e991bf3a4194ca5cbcce8d43749db/PyYAML-6.0-cp39-cp39-win32.whl", hash = "sha256:b5b9eccad747aabaaffbc6064800670f0c297e52c12754eb1d976c57e4f74dcb", size = 138039, upload-time = "2021-10-13T19:40:50.084Z" },
    { url = "https://files.pythonhosted.org/packages/08/f4/ffa743f860f34a5e8c60abaaa686f82c9ac7a2b50e5a1c3b1eb564d59159/PyYAML-6.0-cp39-cp39-win_amd64.whl", hash = "sha256:b3d267842bf12586ba6c734f89d1f5b871df0273157918b0ccefa29deb05c21c", size = 151646, upload-time = "2021-10-13T19:40:52.627Z" },
]

[[package]]
name = "setuptools"
version = "67.6.0"
source = { registry = "https://pypi.org/simple" }
sdist = { url = "https://files.pythonhosted.org/packages/25/f3/d68c20919bc774c6cb127f1762f2f2f999d700a58198556e883dd3700e58/setuptools-67.6.0.tar.gz", hash = "sha256:2ee892cd5f29f3373097f5a814697e397cf3ce313616df0af11231e2ad118077", size = 2485539, upload-time = "2023-03-08T11:05:00.714Z" }
wheels = [
    { url = "https://files.pythonhosted.org/packages/c3/9e/8a7ba2c9984a060daa6c6f9fff4d576b7ace3936239d6b771541eab972ed/setuptools-67.6.0-py3-none-any.whl", hash = "sha256:b78aaa36f6b90a074c1fa651168723acbf45d14cb1196b6f02c0fd07f17623b2", size = 1089190, upload-time = "2023-03-08T11:04:58.291Z" },
]

[[package]]
name = "virtualenv"
version = "20.20.0"
source = { registry = "https://pypi.org/simple" }
dependencies = [
    { name = "distlib" },
    { name = "filelock" },
    { name = "platformdirs" },
]
sdist = { url = "https://files.pythonhosted.org/packages/e7/32/925d0ee72929865228d5160ec86c7967aea3f7f257f6f2226fcf08cc2352/virtualenv-20.20.0.tar.gz", hash = "sha256:a8a4b8ca1e28f864b7514a253f98c1d62b64e31e77325ba279248c65fb4fcef4", size = 12069625, upload-time = "2023-02-28T18:50:05.522Z" }
wheels = [
    { url = "https://files.pythonhosted.org/packages/9f/ba/f5384867fef25e630bda50e1ffcdd58634ab82c6f3b60caaee21cc38ec7e/virtualenv-20.20.0-py3-none-any.whl", hash = "sha256:3c22fa5a7c7aa106ced59934d2c20a2ecb7f49b4130b8bf444178a16b880fa45", size = 8707389, upload-time = "2023-02-28T18:50:02.301Z" },
]
